// !$*UTF8*$!
{
	archiveVersion = 1;
	classes = {
	};
	objectVersion = 46;
	objects = {

/* Begin PBXBuildFile section */
		114AAA591EFD0A1B0059165C /* AppDelegate.swift in Sources */ = {isa = PBXBuildFile; fileRef = 114AAA581EFD0A1B0059165C /* AppDelegate.swift */; };
		114AAA5B1EFD0A1B0059165C /* ViewController.swift in Sources */ = {isa = PBXBuildFile; fileRef = 114AAA5A1EFD0A1B0059165C /* ViewController.swift */; };
		114AAA5E1EFD0A1B0059165C /* Main.storyboard in Resources */ = {isa = PBXBuildFile; fileRef = 114AAA5C1EFD0A1B0059165C /* Main.storyboard */; };
		114AAA601EFD0A1B0059165C /* Assets.xcassets in Resources */ = {isa = PBXBuildFile; fileRef = 114AAA5F1EFD0A1B0059165C /* Assets.xcassets */; };
		114AAA631EFD0A1B0059165C /* LaunchScreen.storyboard in Resources */ = {isa = PBXBuildFile; fileRef = 114AAA611EFD0A1B0059165C /* LaunchScreen.storyboard */; };
		D291588052A00C0C5B682D2A /* Pods_lottieee.framework in Frameworks */ = {isa = PBXBuildFile; fileRef = CB5D8E678D160F3D737EE4F6 /* Pods_lottieee.framework */; };
/* End PBXBuildFile section */

/* Begin PBXFileReference section */
		114AAA551EFD0A1B0059165C /* lottieee.app */ = {isa = PBXFileReference; explicitFileType = wrapper.application; includeInIndex = 0; path = lottieee.app; sourceTree = BUILT_PRODUCTS_DIR; };
		114AAA581EFD0A1B0059165C /* AppDelegate.swift */ = {isa = PBXFileReference; lastKnownFileType = sourcecode.swift; path = AppDelegate.swift; sourceTree = "<group>"; };
		114AAA5A1EFD0A1B0059165C /* ViewController.swift */ = {isa = PBXFileReference; lastKnownFileType = sourcecode.swift; path = ViewController.swift; sourceTree = "<group>"; };
		114AAA5D1EFD0A1B0059165C /* Base */ = {isa = PBXFileReference; lastKnownFileType = file.storyboard; name = Base; path = Base.lproj/Main.storyboard; sourceTree = "<group>"; };
		114AAA5F1EFD0A1B0059165C /* Assets.xcassets */ = {isa = PBXFileReference; lastKnownFileType = folder.assetcatalog; path = Assets.xcassets; sourceTree = "<group>"; };
		114AAA621EFD0A1B0059165C /* Base */ = {isa = PBXFileReference; lastKnownFileType = file.storyboard; name = Base; path = Base.lproj/LaunchScreen.storyboard; sourceTree = "<group>"; };
		114AAA641EFD0A1B0059165C /* Info.plist */ = {isa = PBXFileReference; lastKnownFileType = text.plist.xml; path = Info.plist; sourceTree = "<group>"; };
		AD817E4BC54312252D24889E /* Pods-lottieee.debug.xcconfig */ = {isa = PBXFileReference; includeInIndex = 1; lastKnownFileType = text.xcconfig; name = "Pods-lottieee.debug.xcconfig"; path = "Pods/Target Support Files/Pods-lottieee/Pods-lottieee.debug.xcconfig"; sourceTree = "<group>"; };
		B0A42F2E1FA28738CA85F2FC /* Pods-lottieee.release.xcconfig */ = {isa = PBXFileReference; includeInIndex = 1; lastKnownFileType = text.xcconfig; name = "Pods-lottieee.release.xcconfig"; path = "Pods/Target Support Files/Pods-lottieee/Pods-lottieee.release.xcconfig"; sourceTree = "<group>"; };
		CB5D8E678D160F3D737EE4F6 /* Pods_lottieee.framework */ = {isa = PBXFileReference; explicitFileType = wrapper.framework; includeInIndex = 0; path = Pods_lottieee.framework; sourceTree = BUILT_PRODUCTS_DIR; };
/* End PBXFileReference section */

/* Begin PBXFrameworksBuildPhase section */
		114AAA521EFD0A1B0059165C /* Frameworks */ = {
			isa = PBXFrameworksBuildPhase;
			buildActionMask = 2147483647;
			files = (
				D291588052A00C0C5B682D2A /* Pods_lottieee.framework in Frameworks */,
			);
			runOnlyForDeploymentPostprocessing = 0;
		};
/* End PBXFrameworksBuildPhase section */

/* Begin PBXGroup section */
		114AAA4C1EFD0A1B0059165C = {
			isa = PBXGroup;
			children = (
				114AAA571EFD0A1B0059165C /* lottieee */,
				114AAA561EFD0A1B0059165C /* Products */,
				46801A870915C5A148D1AB0A /* Pods */,
				8D581D36A0DC580F7B0484F8 /* Frameworks */,
			);
			sourceTree = "<group>";
		};
		114AAA561EFD0A1B0059165C /* Products */ = {
			isa = PBXGroup;
			children = (
				114AAA551EFD0A1B0059165C /* lottieee.app */,
			);
			name = Products;
			sourceTree = "<group>";
		};
		114AAA571EFD0A1B0059165C /* lottieee */ = {
			isa = PBXGroup;
			children = (
				114AAA581EFD0A1B0059165C /* AppDelegate.swift */,
				114AAA5A1EFD0A1B0059165C /* ViewController.swift */,
				114AAA5C1EFD0A1B0059165C /* Main.storyboard */,
				114AAA5F1EFD0A1B0059165C /* Assets.xcassets */,
				114AAA611EFD0A1B0059165C /* LaunchScreen.storyboard */,
				114AAA641EFD0A1B0059165C /* Info.plist */,
			);
			path = lottieee;
			sourceTree = "<group>";
		};
		46801A870915C5A148D1AB0A /* Pods */ = {
			isa = PBXGroup;
			children = (
				AD817E4BC54312252D24889E /* Pods-lottieee.debug.xcconfig */,
				B0A42F2E1FA28738CA85F2FC /* Pods-lottieee.release.xcconfig */,
			);
			name = Pods;
			sourceTree = "<group>";
		};
		8D581D36A0DC580F7B0484F8 /* Frameworks */ = {
			isa = PBXGroup;
			children = (
				CB5D8E678D160F3D737EE4F6 /* Pods_lottieee.framework */,
			);
			name = Frameworks;
			sourceTree = "<group>";
		};
/* End PBXGroup section */

/* Begin PBXNativeTarget section */
		114AAA541EFD0A1B0059165C /* lottieee */ = {
			isa = PBXNativeTarget;
			buildConfigurationList = 114AAA671EFD0A1B0059165C /* Build configuration list for PBXNativeTarget "lottieee" */;
			buildPhases = (
				0D9BC8F0FB9926736D3A099A /* [CP] Check Pods Manifest.lock */,
				114AAA511EFD0A1B0059165C /* Sources */,
				114AAA521EFD0A1B0059165C /* Frameworks */,
				114AAA531EFD0A1B0059165C /* Resources */,
				9586716E117D8AD449814103 /* [CP] Embed Pods Frameworks */,
				27F9E74FB5A9ED5E652F0DEA /* [CP] Copy Pods Resources */,
			);
			buildRules = (
			);
			dependencies = (
			);
			name = lottieee;
			productName = lottieee;
			productReference = 114AAA551EFD0A1B0059165C /* lottieee.app */;
			productType = "com.apple.product-type.application";
		};
/* End PBXNativeTarget section */

/* Begin PBXProject section */
		114AAA4D1EFD0A1B0059165C /* Project object */ = {
			isa = PBXProject;
			attributes = {
				LastSwiftUpdateCheck = 0820;
				LastUpgradeCheck = 0820;
				ORGANIZATIONNAME = Joseph.Tsai;
				TargetAttributes = {
					114AAA541EFD0A1B0059165C = {
						CreatedOnToolsVersion = 8.2.1;
						DevelopmentTeam = BSPG965L6Z;
						ProvisioningStyle = Automatic;
					};
				};
			};
			buildConfigurationList = 114AAA501EFD0A1B0059165C /* Build configuration list for PBXProject "lottieee" */;
			compatibilityVersion = "Xcode 3.2";
			developmentRegion = English;
			hasScannedForEncodings = 0;
			knownRegions = (
				en,
				Base,
			);
			mainGroup = 114AAA4C1EFD0A1B0059165C;
			productRefGroup = 114AAA561EFD0A1B0059165C /* Products */;
			projectDirPath = "";
			projectRoot = "";
			targets = (
				114AAA541EFD0A1B0059165C /* lottieee */,
			);
		};
/* End PBXProject section */

/* Begin PBXResourcesBuildPhase section */
		114AAA531EFD0A1B0059165C /* Resources */ = {
			isa = PBXResourcesBuildPhase;
			buildActionMask = 2147483647;
			files = (
				114AAA631EFD0A1B0059165C /* LaunchScreen.storyboard in Resources */,
				114AAA601EFD0A1B0059165C /* Assets.xcassets in Resources */,
				114AAA5E1EFD0A1B0059165C /* Main.storyboard in Resources */,
			);
			runOnlyForDeploymentPostprocessing = 0;
		};
/* End PBXResourcesBuildPhase section */

/* Begin PBXShellScriptBuildPhase section */
		0D9BC8F0FB9926736D3A099A /* [CP] Check Pods Manifest.lock */ = {
			isa = PBXShellScriptBuildPhase;
			buildActionMask = 2147483647;
			files = (
			);
			inputPaths = (
			);
			name = "[CP] Check Pods Manifest.lock";
			outputPaths = (
			);
			runOnlyForDeploymentPostprocessing = 0;
			shellPath = /bin/sh;
			shellScript = "diff \"${PODS_ROOT}/../Podfile.lock\" \"${PODS_ROOT}/Manifest.lock\" > /dev/null\nif [ $? != 0 ] ; then\n    # print error to STDERR\n    echo \"error: The sandbox is not in sync with the Podfile.lock. Run 'pod install' or update your CocoaPods installation.\" >&2\n    exit 1\nfi\n";
			showEnvVarsInLog = 0;
		};
		27F9E74FB5A9ED5E652F0DEA /* [CP] Copy Pods Resources */ = {
			isa = PBXShellScriptBuildPhase;
			buildActionMask = 2147483647;
			files = (
			);
			inputPaths = (
			);
			name = "[CP] Copy Pods Resources";
			outputPaths = (
			);
			runOnlyForDeploymentPostprocessing = 0;
			shellPath = /bin/sh;
			shellScript = "\"${SRCROOT}/Pods/Target Support Files/Pods-lottieee/Pods-lottieee-resources.sh\"\n";
			showEnvVarsInLog = 0;
		};
		9586716E117D8AD449814103 /* [CP] Embed Pods Frameworks */ = {
			isa = PBXShellScriptBuildPhase;
			buildActionMask = 2147483647;
			files = (
			);
			inputPaths = (
			);
			name = "[CP] Embed Pods Frameworks";
			outputPaths = (
			);
			runOnlyForDeploymentPostprocessing = 0;
			shellPath = /bin/sh;
			shellScript = "\"${SRCROOT}/Pods/Target Support Files/Pods-lottieee/Pods-lottieee-frameworks.sh\"\n";
			showEnvVarsInLog = 0;
		};
/* End PBXShellScriptBuildPhase section */

/* Begin PBXSourcesBuildPhase section */
		114AAA511EFD0A1B0059165C /* Sources */ = {
			isa = PBXSourcesBuildPhase;
			buildActionMask = 2147483647;
			files = (
				114AAA5B1EFD0A1B0059165C /* ViewController.swift in Sources */,
				114AAA591EFD0A1B0059165C /* AppDelegate.swift in Sources */,
			);
			runOnlyForDeploymentPostprocessing = 0;
		};
/* End PBXSourcesBuildPhase section */

/* Begin PBXVariantGroup section */
		114AAA5C1EFD0A1B0059165C /* Main.storyboard */ = {
			isa = PBXVariantGroup;
			children = (
				114AAA5D1EFD0A1B0059165C /* Base */,
			);
			name = Main.storyboard;
			sourceTree = "<group>";
		};
		114AAA611EFD0A1B0059165C /* LaunchScreen.storyboard */ = {
			isa = PBXVariantGroup;
			children = (
				114AAA621EFD0A1B0059165C /* Base */,
			);
			name = LaunchScreen.storyboard;
			sourceTree = "<group>";
		};
/* End PBXVariantGroup section */

/* Begin XCBuildConfiguration section */
		114AAA651EFD0A1B0059165C /* Debug */ = {
			isa = XCBuildConfiguration;
			buildSettings = {
				ALWAYS_SEARCH_USER_PATHS = NO;
				CLANG_ANALYZER_NONNULL = YES;
				CLANG_CXX_LANGUAGE_STANDARD = "gnu++0x";
				CLANG_CXX_LIBRARY = "libc++";
				CLANG_ENABLE_MODULES = YES;
				CLANG_ENABLE_OBJC_ARC = YES;
				CLANG_WARN_BOOL_CONVERSION = YES;
				CLANG_WARN_CONSTANT_CONVERSION = YES;
				CLANG_WARN_DIRECT_OBJC_ISA_USAGE = YES_ERROR;
				CLANG_WARN_DOCUMENTATION_COMMENTS = YES;
				CLANG_WARN_EMPTY_BODY = YES;
				CLANG_WARN_ENUM_CONVERSION = YES;
				CLANG_WARN_INFINITE_RECURSION = YES;
				CLANG_WARN_INT_CONVERSION = YES;
				CLANG_WARN_OBJC_ROOT_CLASS = YES_ERROR;
				CLANG_WARN_SUSPICIOUS_MOVE = YES;
				CLANG_WARN_UNREACHABLE_CODE = YES;
				CLANG_WARN__DUPLICATE_METHOD_MATCH = YES;
				"CODE_SIGN_IDENTITY[sdk=iphoneos*]" = "iPhone Developer";
				COPY_PHASE_STRIP = NO;
				DEBUG_INFORMATION_FORMAT = dwarf;
				ENABLE_STRICT_OBJC_MSGSEND = YES;
				ENABLE_TESTABILITY = YES;
				GCC_C_LANGUAGE_STANDARD = gnu99;
				GCC_DYNAMIC_NO_PIC = NO;
				GCC_NO_COMMON_BLOCKS = YES;
				GCC_OPTIMIZATION_LEVEL = 0;
				GCC_PREPROCESSOR_DEFINITIONS = (
					"DEBUG=1",
					"$(inherited)",
				);
				GCC_WARN_64_TO_32_BIT_CONVERSION = YES;
				GCC_WARN_ABOUT_RETURN_TYPE = YES_ERROR;
				GCC_WARN_UNDECLARED_SELECTOR = YES;
				GCC_WARN_UNINITIALIZED_AUTOS = YES_AGGRESSIVE;
				GCC_WARN_UNUSED_FUNCTION = YES;
				GCC_WARN_UNUSED_VARIABLE = YES;
				IPHONEOS_DEPLOYMENT_TARGET = 10.2;
				MTL_ENABLE_DEBUG_INFO = YES;
				ONLY_ACTIVE_ARCH = YES;
				SDKROOT = iphoneos;
				SWIFT_ACTIVE_COMPILATION_CONDITIONS = DEBUG;
				SWIFT_OPTIMIZATION_LEVEL = "-Onone";
			};
			name = Debug;
		};
		114AAA661EFD0A1B0059165C /* Release */ = {
			isa = XCBuildConfiguration;
			buildSettings = {
				ALWAYS_SEARCH_USER_PATHS = NO;
				CLANG_ANALYZER_NONNULL = YES;
				CLANG_CXX_LANGUAGE_STANDARD = "gnu++0x";
				CLANG_CXX_LIBRARY = "libc++";
				CLANG_ENABLE_MODULES = YES;
				CLANG_ENABLE_OBJC_ARC = YES;
				CLANG_WARN_BOOL_CONVERSION = YES;
				CLANG_WARN_CONSTANT_CONVERSION = YES;
				CLANG_WARN_DIRECT_OBJC_ISA_USAGE = YES_ERROR;
				CLANG_WARN_DOCUMENTATION_COMMENTS = YES;
				CLANG_WARN_EMPTY_BODY = YES;
				CLANG_WARN_ENUM_CONVERSION = YES;
				CLANG_WARN_INFINITE_RECURSION = YES;
				CLANG_WARN_INT_CONVERSION = YES;
				CLANG_WARN_OBJC_ROOT_CLASS = YES_ERROR;
				CLANG_WARN_SUSPICIOUS_MOVE = YES;
				CLANG_WARN_UNREACHABLE_CODE = YES;
				CLANG_WARN__DUPLICATE_METHOD_MATCH = YES;
				"CODE_SIGN_IDENTITY[sdk=iphoneos*]" = "iPhone Developer";
				COPY_PHASE_STRIP = NO;
				DEBUG_INFORMATION_FORMAT = "dwarf-with-dsym";
				ENABLE_NS_ASSERTIONS = NO;
				ENABLE_STRICT_OBJC_MSGSEND = YES;
				GCC_C_LANGUAGE_STANDARD = gnu99;
				GCC_NO_COMMON_BLOCKS = YES;
				GCC_WARN_64_TO_32_BIT_CONVERSION = YES;
				GCC_WARN_ABOUT_RETURN_TYPE = YES_ERROR;
				GCC_WARN_UNDECLARED_SELECTOR = YES;
				GCC_WARN_UNINITIALIZED_AUTOS = YES_AGGRESSIVE;
				GCC_WARN_UNUSED_FUNCTION = YES;
				GCC_WARN_UNUSED_VARIABLE = YES;
				IPHONEOS_DEPLOYMENT_TARGET = 10.2;
				MTL_ENABLE_DEBUG_INFO = NO;
				SDKROOT = iphoneos;
				SWIFT_OPTIMIZATION_LEVEL = "-Owholemodule";
				VALIDATE_PRODUCT = YES;
			};
			name = Release;
		};
		114AAA681EFD0A1B0059165C /* Debug */ = {
			isa = XCBuildConfiguration;
			baseConfigurationReference = AD817E4BC54312252D24889E /* Pods-lottieee.debug.xcconfig */;
			buildSettings = {
				ASSETCATALOG_COMPILER_APPICON_NAME = AppIcon;
				DEVELOPMENT_TEAM = BSPG965L6Z;
				INFOPLIST_FILE = lottieee/Info.plist;
				LD_RUNPATH_SEARCH_PATHS = "$(inherited) @executable_path/Frameworks";
				PRODUCT_BUNDLE_IDENTIFIER = com.joejoejoseph.lottieee;
				PRODUCT_NAME = "$(TARGET_NAME)";
				SWIFT_VERSION = 3.0;
			};
			name = Debug;
		};
		114AAA691EFD0A1B0059165C /* Release */ = {
			isa = XCBuildConfiguration;
			baseConfigurationReference = B0A42F2E1FA28738CA85F2FC /* Pods-lottieee.release.xcconfig */;
			buildSettings = {
				ASSETCATALOG_COMPILER_APPICON_NAME = AppIcon;
				DEVELOPMENT_TEAM = BSPG965L6Z;
				INFOPLIST_FILE = lottieee/Info.plist;
				LD_RUNPATH_SEARCH_PATHS = "$(inherited) @executable_path/Frameworks";
				PRODUCT_BUNDLE_IDENTIFIER = com.joejoejoseph.lottieee;
				PRODUCT_NAME = "$(TARGET_NAME)";
				SWIFT_VERSION = 3.0;
			};
			name = Release;
		};
/* End XCBuildConfiguration section */

/* Begin XCConfigurationList section */
		114AAA501EFD0A1B0059165C /* Build configuration list for PBXProject "lottieee" */ = {
			isa = XCConfigurationList;
			buildConfigurations = (
				114AAA651EFD0A1B0059165C /* Debug */,
				114AAA661EFD0A1B0059165C /* Release */,
			);
			defaultConfigurationIsVisible = 0;
			defaultConfigurationName = Release;
		};
		114AAA671EFD0A1B0059165C /* Build configuration list for PBXNativeTarget "lottieee" */ = {
			isa = XCConfigurationList;
			buildConfigurations = (
				114AAA681EFD0A1B0059165C /* Debug */,
				114AAA691EFD0A1B0059165C /* Release */,
			);
			defaultConfigurationIsVisible = 0;
		};
/* End XCConfigurationList section */
	};
	rootObject = 114AAA4D1EFD0A1B0059165C /* Project object */;
}
